
Microsoft Visual Studio Solution File, Format Version 12.00
# Visual Studio 15
VisualStudioVersion = 15.0.26730.8
MinimumVisualStudioVersion = 10.0.40219.1
Project("{2150E333-8FDC-42A3-9474-1A3956D46DE8}") = "Tests", "Tests", "{554173F1-9477-4A27-845D-296E7F9A9C58}"
EndProject
Project("{2150E333-8FDC-42A3-9474-1A3956D46DE8}") = "Source", "Source", "{2BB6908D-D611-4E20-AAE9-18A7C7EF29DA}"
EndProject
Project("{2150E333-8FDC-42A3-9474-1A3956D46DE8}") = "Helpers", "Helpers", "{4EF154BC-7E71-4FD9-8EB2-60927606B968}"
EndProject
Project("{2150E333-8FDC-42A3-9474-1A3956D46DE8}") = "IntegrationTests", "IntegrationTests", "{469E8CE1-AB2C-46BF-8146-B1873BD3E8FB}"
EndProject
Project("{2150E333-8FDC-42A3-9474-1A3956D46DE8}") = "UnitTests", "UnitTests", "{243D75C8-FF1B-48D7-A074-C6F8A00A18DE}"
EndProject
Project("{FAE04EC0-301F-11D3-BF4B-00C04F79EFBC}") = "RummyEnvironment", "Source\RummyEnvironment\RummyEnvironment.csproj", "{C73EAF92-56F4-4329-A48E-20D8678041B9}"
EndProject
Project("{FAE04EC0-301F-11D3-BF4B-00C04F79EFBC}") = "TestHelpers", "Tests\TestHelpers\TestHelpers.csproj", "{81CC2FDD-3A13-49AB-980D-6C171477E648}"
EndProject
Project("{FAE04EC0-301F-11D3-BF4B-00C04F79EFBC}") = "RummyEnvironmentTest", "Tests\UnitTests\RummyEnvironmentTest\RummyEnvironmentTest.csproj", "{F77059E5-813C-4D8E-B643-E439D2CA0554}"
EndProject
Project("{FAE04EC0-301F-11D3-BF4B-00C04F79EFBC}") = "IntegrationTests", "Tests\IntegrationTests\IntegrationTests.csproj", "{03D0B7C0-C32A-48A5-85DE-D3BC03D933EB}"
EndProject
Global
	GlobalSection(SolutionConfigurationPlatforms) = preSolution
		Debug|Any CPU = Debug|Any CPU
		Release|Any CPU = Release|Any CPU
	EndGlobalSection
	GlobalSection(ProjectConfigurationPlatforms) = postSolution
		{C73EAF92-56F4-4329-A48E-20D8678041B9}.Debug|Any CPU.ActiveCfg = Debug|Any CPU
		{C73EAF92-56F4-4329-A48E-20D8678041B9}.Debug|Any CPU.Build.0 = Debug|Any CPU
		{C73EAF92-56F4-4329-A48E-20D8678041B9}.Release|Any CPU.ActiveCfg = Release|Any CPU
		{C73EAF92-56F4-4329-A48E-20D8678041B9}.Release|Any CPU.Build.0 = Release|Any CPU
		{81CC2FDD-3A13-49AB-980D-6C171477E648}.Debug|Any CPU.ActiveCfg = Debug|Any CPU
		{81CC2FDD-3A13-49AB-980D-6C171477E648}.Debug|Any CPU.Build.0 = Debug|Any CPU
		{81CC2FDD-3A13-49AB-980D-6C171477E648}.Release|Any CPU.ActiveCfg = Release|Any CPU
		{81CC2FDD-3A13-49AB-980D-6C171477E648}.Release|Any CPU.Build.0 = Release|Any CPU
		{F77059E5-813C-4D8E-B643-E439D2CA0554}.Debug|Any CPU.ActiveCfg = Debug|Any CPU
		{F77059E5-813C-4D8E-B643-E439D2CA0554}.Debug|Any CPU.Build.0 = Debug|Any CPU
		{F77059E5-813C-4D8E-B643-E439D2CA0554}.Release|Any CPU.ActiveCfg = Release|Any CPU
		{F77059E5-813C-4D8E-B643-E439D2CA0554}.Release|Any CPU.Build.0 = Release|Any CPU
		{03D0B7C0-C32A-48A5-85DE-D3BC03D933EB}.Debug|Any CPU.ActiveCfg = Debug|Any CPU
		{03D0B7C0-C32A-48A5-85DE-D3BC03D933EB}.Debug|Any CPU.Build.0 = Debug|Any CPU
		{03D0B7C0-C32A-48A5-85DE-D3BC03D933EB}.Release|Any CPU.ActiveCfg = Release|Any CPU
		{03D0B7C0-C32A-48A5-85DE-D3BC03D933EB}.Release|Any CPU.Build.0 = Release|Any CPU
	EndGlobalSection
	GlobalSection(SolutionProperties) = preSolution
		HideSolutionNode = FALSE
	EndGlobalSection
	GlobalSection(NestedProjects) = preSolution
		{4EF154BC-7E71-4FD9-8EB2-60927606B968} = {554173F1-9477-4A27-845D-296E7F9A9C58}
		{469E8CE1-AB2C-46BF-8146-B1873BD3E8FB} = {554173F1-9477-4A27-845D-296E7F9A9C58}
		{243D75C8-FF1B-48D7-A074-C6F8A00A18DE} = {554173F1-9477-4A27-845D-296E7F9A9C58}
		{C73EAF92-56F4-4329-A48E-20D8678041B9} = {2BB6908D-D611-4E20-AAE9-18A7C7EF29DA}
		{81CC2FDD-3A13-49AB-980D-6C171477E648} = {4EF154BC-7E71-4FD9-8EB2-60927606B968}
		{F77059E5-813C-4D8E-B643-E439D2CA0554} = {243D75C8-FF1B-48D7-A074-C6F8A00A18DE}
		{03D0B7C0-C32A-48A5-85DE-D3BC03D933EB} = {469E8CE1-AB2C-46BF-8146-B1873BD3E8FB}
	EndGlobalSection
	GlobalSection(ExtensibilityGlobals) = postSolution
		SolutionGuid = {0B19AC40-977C-4ABF-A804-18154FCA4DE8}
	EndGlobalSection
EndGlobal
